// !$*UTF8*$!
{
	archiveVersion = 1;
	classes = {
	};
	objectVersion = 50;
	objects = {

/* Begin PBXBuildFile section */
		803FBDEA26901EC300A6EB01 /* SearchViewController.swift in Sources */ = {isa = PBXBuildFile; fileRef = 803FBDE926901EC300A6EB01 /* SearchViewController.swift */; };
		803FBDF226901F5500A6EB01 /* SearchViewController.xib in Resources */ = {isa = PBXBuildFile; fileRef = 803FBDF126901F5500A6EB01 /* SearchViewController.xib */; };
		803FBDF72690200D00A6EB01 /* SearchViewModel.swift in Sources */ = {isa = PBXBuildFile; fileRef = 803FBDF62690200D00A6EB01 /* SearchViewModel.swift */; };
		803FBDFC2691824500A6EB01 /* UserSearch.swift in Sources */ = {isa = PBXBuildFile; fileRef = 803FBDFB2691824500A6EB01 /* UserSearch.swift */; };
		803FBE01269191FB00A6EB01 /* String+PercentEncoding.swift in Sources */ = {isa = PBXBuildFile; fileRef = 803FBE00269191FB00A6EB01 /* String+PercentEncoding.swift */; };
		803FBE062692DA8100A6EB01 /* RepositorySearch.swift in Sources */ = {isa = PBXBuildFile; fileRef = 803FBE052692DA8100A6EB01 /* RepositorySearch.swift */; };
		803FBE0B2693026300A6EB01 /* CoreDataManager.swift in Sources */ = {isa = PBXBuildFile; fileRef = 803FBE0A2693026300A6EB01 /* CoreDataManager.swift */; };
		803FBE102693060800A6EB01 /* UserDataManager.swift in Sources */ = {isa = PBXBuildFile; fileRef = 803FBE0F2693060800A6EB01 /* UserDataManager.swift */; };
		80B234C1268CD2FD00E9CC8A /* BaseViewController.swift in Sources */ = {isa = PBXBuildFile; fileRef = 80B234C0268CD2FD00E9CC8A /* BaseViewController.swift */; };
		C9164F7026846C6D0085CFF8 /* AppDelegate.swift in Sources */ = {isa = PBXBuildFile; fileRef = C9164F6F26846C6D0085CFF8 /* AppDelegate.swift */; };
		C9164F7226846C6D0085CFF8 /* SceneDelegate.swift in Sources */ = {isa = PBXBuildFile; fileRef = C9164F7126846C6D0085CFF8 /* SceneDelegate.swift */; };
		C9164F7A26846C6D0085CFF8 /* GitHuber.xcdatamodeld in Sources */ = {isa = PBXBuildFile; fileRef = C9164F7826846C6D0085CFF8 /* GitHuber.xcdatamodeld */; };
		C9164F7C26846C6F0085CFF8 /* Assets.xcassets in Resources */ = {isa = PBXBuildFile; fileRef = C9164F7B26846C6F0085CFF8 /* Assets.xcassets */; };
		C9164F7F26846C6F0085CFF8 /* LaunchScreen.storyboard in Resources */ = {isa = PBXBuildFile; fileRef = C9164F7D26846C6F0085CFF8 /* LaunchScreen.storyboard */; };
		C9164F8A26846C6F0085CFF8 /* GitHuberTests.swift in Sources */ = {isa = PBXBuildFile; fileRef = C9164F8926846C6F0085CFF8 /* GitHuberTests.swift */; };
		C9164F9526846C6F0085CFF8 /* GitHuberUITests.swift in Sources */ = {isa = PBXBuildFile; fileRef = C9164F9426846C6F0085CFF8 /* GitHuberUITests.swift */; };
		C9164FA326846CE20085CFF8 /* LoginViewController.swift in Sources */ = {isa = PBXBuildFile; fileRef = C9164FA226846CE20085CFF8 /* LoginViewController.swift */; };
		C9164FA526846CF70085CFF8 /* LoginViewController.xib in Resources */ = {isa = PBXBuildFile; fileRef = C9164FA426846CF70085CFF8 /* LoginViewController.xib */; };
		C9164FA72684710A0085CFF8 /* DependancyContainer.swift in Sources */ = {isa = PBXBuildFile; fileRef = C9164FA62684710A0085CFF8 /* DependancyContainer.swift */; };
		C9164FA9268471840085CFF8 /* KeyChainSwift.swift in Sources */ = {isa = PBXBuildFile; fileRef = C9164FA8268471840085CFF8 /* KeyChainSwift.swift */; };
		C9164FAC268472340085CFF8 /* MainCoordinator.swift in Sources */ = {isa = PBXBuildFile; fileRef = C9164FAB268472340085CFF8 /* MainCoordinator.swift */; };
		C9164FAE2684726F0085CFF8 /* ViewControllerFactory.swift in Sources */ = {isa = PBXBuildFile; fileRef = C9164FAD2684726F0085CFF8 /* ViewControllerFactory.swift */; };
		C9164FB7268485140085CFF8 /* LoginViewModel.swift in Sources */ = {isa = PBXBuildFile; fileRef = C9164FB6268485140085CFF8 /* LoginViewModel.swift */; };
		C9164FBC268492860085CFF8 /* UserViewController.swift in Sources */ = {isa = PBXBuildFile; fileRef = C9164FBB268492860085CFF8 /* UserViewController.swift */; };
		C9164FBE268492950085CFF8 /* UserViewController.xib in Resources */ = {isa = PBXBuildFile; fileRef = C9164FBD268492950085CFF8 /* UserViewController.xib */; };
		C9164FC02684A33E0085CFF8 /* NetworkRequest.swift in Sources */ = {isa = PBXBuildFile; fileRef = C9164FBF2684A33E0085CFF8 /* NetworkRequest.swift */; };
		C9164FC32684A4BE0085CFF8 /* UserManager.swift in Sources */ = {isa = PBXBuildFile; fileRef = C9164FC22684A4BE0085CFF8 /* UserManager.swift */; };
		C9164FC52684AC9B0085CFF8 /* User.swift in Sources */ = {isa = PBXBuildFile; fileRef = C9164FC42684AC9B0085CFF8 /* User.swift */; };
		C9486B3B2685C0440067F319 /* Repository.swift in Sources */ = {isa = PBXBuildFile; fileRef = C9486B3A2685C0440067F319 /* Repository.swift */; };
		C9486B3D2685D20D0067F319 /* UserViewModel.swift in Sources */ = {isa = PBXBuildFile; fileRef = C9486B3C2685D20D0067F319 /* UserViewModel.swift */; };
		C9486B3F2685E7970067F319 /* Observable.swift in Sources */ = {isa = PBXBuildFile; fileRef = C9486B3E2685E7970067F319 /* Observable.swift */; };
		C9486B42268602510067F319 /* UserListViewController.swift in Sources */ = {isa = PBXBuildFile; fileRef = C9486B41268602510067F319 /* UserListViewController.swift */; };
		C9486B44268602700067F319 /* UserListViewController.xib in Resources */ = {isa = PBXBuildFile; fileRef = C9486B43268602700067F319 /* UserListViewController.xib */; };
		C9486B46268603EA0067F319 /* UserListViewModel.swift in Sources */ = {isa = PBXBuildFile; fileRef = C9486B45268603EA0067F319 /* UserListViewModel.swift */; };
		C9486B48268734F40067F319 /* UserListCell.xib in Resources */ = {isa = PBXBuildFile; fileRef = C9486B47268734F40067F319 /* UserListCell.xib */; };
		C9486B4A2687352A0067F319 /* UserListCell.swift in Sources */ = {isa = PBXBuildFile; fileRef = C9486B492687352A0067F319 /* UserListCell.swift */; };
		C9486B5126875C5B0067F319 /* LoadingScreen.swift in Sources */ = {isa = PBXBuildFile; fileRef = C9486B5026875C5B0067F319 /* LoadingScreen.swift */; };
		C9486B54268777CA0067F319 /* RepositoryListViewController.swift in Sources */ = {isa = PBXBuildFile; fileRef = C9486B53268777CA0067F319 /* RepositoryListViewController.swift */; };
		C9486B56268777D60067F319 /* RepositoryListViewController.xib in Resources */ = {isa = PBXBuildFile; fileRef = C9486B55268777D60067F319 /* RepositoryListViewController.xib */; };
		C9486B59268778CA0067F319 /* RepositoryViewController.swift in Sources */ = {isa = PBXBuildFile; fileRef = C9486B58268778CA0067F319 /* RepositoryViewController.swift */; };
		C9486B5B268778EE0067F319 /* RepositoryViewController.xib in Resources */ = {isa = PBXBuildFile; fileRef = C9486B5A268778EE0067F319 /* RepositoryViewController.xib */; };
		C9486B5D268896EE0067F319 /* RepositoryListViewModel.swift in Sources */ = {isa = PBXBuildFile; fileRef = C9486B5C268896EE0067F319 /* RepositoryListViewModel.swift */; };
		C9486B5F26889D3E0067F319 /* RepositoryListCell.swift in Sources */ = {isa = PBXBuildFile; fileRef = C9486B5E26889D3E0067F319 /* RepositoryListCell.swift */; };
		C9486B6126889D4E0067F319 /* RepositoryListCell.xib in Resources */ = {isa = PBXBuildFile; fileRef = C9486B6026889D4E0067F319 /* RepositoryListCell.xib */; };
		C9486B632688CFEC0067F319 /* RepositoryViewModel.swift in Sources */ = {isa = PBXBuildFile; fileRef = C9486B622688CFEC0067F319 /* RepositoryViewModel.swift */; };
		C9486B65268A23860067F319 /* UIImage+LoadImage.swift in Sources */ = {isa = PBXBuildFile; fileRef = C9486B64268A23860067F319 /* UIImage+LoadImage.swift */; };
/* End PBXBuildFile section */

/* Begin PBXContainerItemProxy section */
		C9164F8626846C6F0085CFF8 /* PBXContainerItemProxy */ = {
			isa = PBXContainerItemProxy;
			containerPortal = C9164F6426846C6D0085CFF8 /* Project object */;
			proxyType = 1;
			remoteGlobalIDString = C9164F6B26846C6D0085CFF8;
			remoteInfo = GitHuber;
		};
		C9164F9126846C6F0085CFF8 /* PBXContainerItemProxy */ = {
			isa = PBXContainerItemProxy;
			containerPortal = C9164F6426846C6D0085CFF8 /* Project object */;
			proxyType = 1;
			remoteGlobalIDString = C9164F6B26846C6D0085CFF8;
			remoteInfo = GitHuber;
		};
/* End PBXContainerItemProxy section */

/* Begin PBXFileReference section */
		803FBDE926901EC300A6EB01 /* SearchViewController.swift */ = {isa = PBXFileReference; lastKnownFileType = sourcecode.swift; path = SearchViewController.swift; sourceTree = "<group>"; };
		803FBDF126901F5500A6EB01 /* SearchViewController.xib */ = {isa = PBXFileReference; lastKnownFileType = file.xib; path = SearchViewController.xib; sourceTree = "<group>"; };
		803FBDF62690200D00A6EB01 /* SearchViewModel.swift */ = {isa = PBXFileReference; lastKnownFileType = sourcecode.swift; path = SearchViewModel.swift; sourceTree = "<group>"; };
		803FBDFB2691824500A6EB01 /* UserSearch.swift */ = {isa = PBXFileReference; lastKnownFileType = sourcecode.swift; path = UserSearch.swift; sourceTree = "<group>"; };
		803FBE00269191FB00A6EB01 /* String+PercentEncoding.swift */ = {isa = PBXFileReference; lastKnownFileType = sourcecode.swift; path = "String+PercentEncoding.swift"; sourceTree = "<group>"; };
		803FBE052692DA8100A6EB01 /* RepositorySearch.swift */ = {isa = PBXFileReference; lastKnownFileType = sourcecode.swift; path = RepositorySearch.swift; sourceTree = "<group>"; };
		803FBE0A2693026300A6EB01 /* CoreDataManager.swift */ = {isa = PBXFileReference; lastKnownFileType = sourcecode.swift; path = CoreDataManager.swift; sourceTree = "<group>"; };
		803FBE0F2693060800A6EB01 /* UserDataManager.swift */ = {isa = PBXFileReference; lastKnownFileType = sourcecode.swift; path = UserDataManager.swift; sourceTree = "<group>"; };
		80B234C0268CD2FD00E9CC8A /* BaseViewController.swift */ = {isa = PBXFileReference; lastKnownFileType = sourcecode.swift; path = BaseViewController.swift; sourceTree = "<group>"; };
		C9164F6C26846C6D0085CFF8 /* GitHuber.app */ = {isa = PBXFileReference; explicitFileType = wrapper.application; includeInIndex = 0; path = GitHuber.app; sourceTree = BUILT_PRODUCTS_DIR; };
		C9164F6F26846C6D0085CFF8 /* AppDelegate.swift */ = {isa = PBXFileReference; lastKnownFileType = sourcecode.swift; path = AppDelegate.swift; sourceTree = "<group>"; };
		C9164F7126846C6D0085CFF8 /* SceneDelegate.swift */ = {isa = PBXFileReference; lastKnownFileType = sourcecode.swift; path = SceneDelegate.swift; sourceTree = "<group>"; };
		C9164F7926846C6D0085CFF8 /* GitHuber.xcdatamodel */ = {isa = PBXFileReference; lastKnownFileType = wrapper.xcdatamodel; path = GitHuber.xcdatamodel; sourceTree = "<group>"; };
		C9164F7B26846C6F0085CFF8 /* Assets.xcassets */ = {isa = PBXFileReference; lastKnownFileType = folder.assetcatalog; path = Assets.xcassets; sourceTree = "<group>"; };
		C9164F7E26846C6F0085CFF8 /* Base */ = {isa = PBXFileReference; lastKnownFileType = file.storyboard; name = Base; path = Base.lproj/LaunchScreen.storyboard; sourceTree = "<group>"; };
		C9164F8026846C6F0085CFF8 /* Info.plist */ = {isa = PBXFileReference; lastKnownFileType = text.plist.xml; path = Info.plist; sourceTree = "<group>"; };
		C9164F8526846C6F0085CFF8 /* GitHuberTests.xctest */ = {isa = PBXFileReference; explicitFileType = wrapper.cfbundle; includeInIndex = 0; path = GitHuberTests.xctest; sourceTree = BUILT_PRODUCTS_DIR; };
		C9164F8926846C6F0085CFF8 /* GitHuberTests.swift */ = {isa = PBXFileReference; lastKnownFileType = sourcecode.swift; path = GitHuberTests.swift; sourceTree = "<group>"; };
		C9164F8B26846C6F0085CFF8 /* Info.plist */ = {isa = PBXFileReference; lastKnownFileType = text.plist.xml; path = Info.plist; sourceTree = "<group>"; };
		C9164F9026846C6F0085CFF8 /* GitHuberUITests.xctest */ = {isa = PBXFileReference; explicitFileType = wrapper.cfbundle; includeInIndex = 0; path = GitHuberUITests.xctest; sourceTree = BUILT_PRODUCTS_DIR; };
		C9164F9426846C6F0085CFF8 /* GitHuberUITests.swift */ = {isa = PBXFileReference; lastKnownFileType = sourcecode.swift; path = GitHuberUITests.swift; sourceTree = "<group>"; };
		C9164F9626846C6F0085CFF8 /* Info.plist */ = {isa = PBXFileReference; lastKnownFileType = text.plist.xml; path = Info.plist; sourceTree = "<group>"; };
		C9164FA226846CE20085CFF8 /* LoginViewController.swift */ = {isa = PBXFileReference; lastKnownFileType = sourcecode.swift; path = LoginViewController.swift; sourceTree = "<group>"; };
		C9164FA426846CF70085CFF8 /* LoginViewController.xib */ = {isa = PBXFileReference; lastKnownFileType = file.xib; path = LoginViewController.xib; sourceTree = "<group>"; };
		C9164FA62684710A0085CFF8 /* DependancyContainer.swift */ = {isa = PBXFileReference; lastKnownFileType = sourcecode.swift; path = DependancyContainer.swift; sourceTree = "<group>"; };
		C9164FA8268471840085CFF8 /* KeyChainSwift.swift */ = {isa = PBXFileReference; lastKnownFileType = sourcecode.swift; path = KeyChainSwift.swift; sourceTree = "<group>"; };
		C9164FAB268472340085CFF8 /* MainCoordinator.swift */ = {isa = PBXFileReference; lastKnownFileType = sourcecode.swift; path = MainCoordinator.swift; sourceTree = "<group>"; };
		C9164FAD2684726F0085CFF8 /* ViewControllerFactory.swift */ = {isa = PBXFileReference; lastKnownFileType = sourcecode.swift; path = ViewControllerFactory.swift; sourceTree = "<group>"; };
		C9164FB6268485140085CFF8 /* LoginViewModel.swift */ = {isa = PBXFileReference; lastKnownFileType = sourcecode.swift; path = LoginViewModel.swift; sourceTree = "<group>"; };
		C9164FBB268492860085CFF8 /* UserViewController.swift */ = {isa = PBXFileReference; lastKnownFileType = sourcecode.swift; path = UserViewController.swift; sourceTree = "<group>"; };
		C9164FBD268492950085CFF8 /* UserViewController.xib */ = {isa = PBXFileReference; lastKnownFileType = file.xib; path = UserViewController.xib; sourceTree = "<group>"; };
		C9164FBF2684A33E0085CFF8 /* NetworkRequest.swift */ = {isa = PBXFileReference; lastKnownFileType = sourcecode.swift; path = NetworkRequest.swift; sourceTree = "<group>"; };
		C9164FC22684A4BE0085CFF8 /* UserManager.swift */ = {isa = PBXFileReference; lastKnownFileType = sourcecode.swift; path = UserManager.swift; sourceTree = "<group>"; };
		C9164FC42684AC9B0085CFF8 /* User.swift */ = {isa = PBXFileReference; lastKnownFileType = sourcecode.swift; path = User.swift; sourceTree = "<group>"; };
		C9486B3A2685C0440067F319 /* Repository.swift */ = {isa = PBXFileReference; lastKnownFileType = sourcecode.swift; path = Repository.swift; sourceTree = "<group>"; };
		C9486B3C2685D20D0067F319 /* UserViewModel.swift */ = {isa = PBXFileReference; lastKnownFileType = sourcecode.swift; path = UserViewModel.swift; sourceTree = "<group>"; };
		C9486B3E2685E7970067F319 /* Observable.swift */ = {isa = PBXFileReference; lastKnownFileType = sourcecode.swift; path = Observable.swift; sourceTree = "<group>"; };
		C9486B41268602510067F319 /* UserListViewController.swift */ = {isa = PBXFileReference; lastKnownFileType = sourcecode.swift; path = UserListViewController.swift; sourceTree = "<group>"; };
		C9486B43268602700067F319 /* UserListViewController.xib */ = {isa = PBXFileReference; lastKnownFileType = file.xib; path = UserListViewController.xib; sourceTree = "<group>"; };
		C9486B45268603EA0067F319 /* UserListViewModel.swift */ = {isa = PBXFileReference; lastKnownFileType = sourcecode.swift; path = UserListViewModel.swift; sourceTree = "<group>"; };
		C9486B47268734F40067F319 /* UserListCell.xib */ = {isa = PBXFileReference; lastKnownFileType = file.xib; path = UserListCell.xib; sourceTree = "<group>"; };
		C9486B492687352A0067F319 /* UserListCell.swift */ = {isa = PBXFileReference; lastKnownFileType = sourcecode.swift; path = UserListCell.swift; sourceTree = "<group>"; };
		C9486B5026875C5B0067F319 /* LoadingScreen.swift */ = {isa = PBXFileReference; lastKnownFileType = sourcecode.swift; path = LoadingScreen.swift; sourceTree = "<group>"; };
		C9486B53268777CA0067F319 /* RepositoryListViewController.swift */ = {isa = PBXFileReference; lastKnownFileType = sourcecode.swift; path = RepositoryListViewController.swift; sourceTree = "<group>"; };
		C9486B55268777D60067F319 /* RepositoryListViewController.xib */ = {isa = PBXFileReference; lastKnownFileType = file.xib; path = RepositoryListViewController.xib; sourceTree = "<group>"; };
		C9486B58268778CA0067F319 /* RepositoryViewController.swift */ = {isa = PBXFileReference; lastKnownFileType = sourcecode.swift; path = RepositoryViewController.swift; sourceTree = "<group>"; };
		C9486B5A268778EE0067F319 /* RepositoryViewController.xib */ = {isa = PBXFileReference; lastKnownFileType = file.xib; path = RepositoryViewController.xib; sourceTree = "<group>"; };
		C9486B5C268896EE0067F319 /* RepositoryListViewModel.swift */ = {isa = PBXFileReference; lastKnownFileType = sourcecode.swift; path = RepositoryListViewModel.swift; sourceTree = "<group>"; };
		C9486B5E26889D3E0067F319 /* RepositoryListCell.swift */ = {isa = PBXFileReference; lastKnownFileType = sourcecode.swift; path = RepositoryListCell.swift; sourceTree = "<group>"; };
		C9486B6026889D4E0067F319 /* RepositoryListCell.xib */ = {isa = PBXFileReference; lastKnownFileType = file.xib; path = RepositoryListCell.xib; sourceTree = "<group>"; };
		C9486B622688CFEC0067F319 /* RepositoryViewModel.swift */ = {isa = PBXFileReference; lastKnownFileType = sourcecode.swift; path = RepositoryViewModel.swift; sourceTree = "<group>"; };
		C9486B64268A23860067F319 /* UIImage+LoadImage.swift */ = {isa = PBXFileReference; lastKnownFileType = sourcecode.swift; path = "UIImage+LoadImage.swift"; sourceTree = "<group>"; };
/* End PBXFileReference section */

/* Begin PBXFrameworksBuildPhase section */
		C9164F6926846C6D0085CFF8 /* Frameworks */ = {
			isa = PBXFrameworksBuildPhase;
			buildActionMask = 2147483647;
			files = (
			);
			runOnlyForDeploymentPostprocessing = 0;
		};
		C9164F8226846C6F0085CFF8 /* Frameworks */ = {
			isa = PBXFrameworksBuildPhase;
			buildActionMask = 2147483647;
			files = (
			);
			runOnlyForDeploymentPostprocessing = 0;
		};
		C9164F8D26846C6F0085CFF8 /* Frameworks */ = {
			isa = PBXFrameworksBuildPhase;
			buildActionMask = 2147483647;
			files = (
			);
			runOnlyForDeploymentPostprocessing = 0;
		};
/* End PBXFrameworksBuildPhase section */

/* Begin PBXGroup section */
		803FBDE826901EA200A6EB01 /* Search */ = {
			isa = PBXGroup;
			children = (
				803FBDE926901EC300A6EB01 /* SearchViewController.swift */,
				803FBDF126901F5500A6EB01 /* SearchViewController.xib */,
			);
			path = Search;
			sourceTree = "<group>";
		};
		C9164F6326846C6D0085CFF8 = {
			isa = PBXGroup;
			children = (
				C9164FA8268471840085CFF8 /* KeyChainSwift.swift */,
				C9164F6E26846C6D0085CFF8 /* GitHuber */,
				C9164F8826846C6F0085CFF8 /* GitHuberTests */,
				C9164F9326846C6F0085CFF8 /* GitHuberUITests */,
				C9164F6D26846C6D0085CFF8 /* Products */,
			);
			sourceTree = "<group>";
		};
		C9164F6D26846C6D0085CFF8 /* Products */ = {
			isa = PBXGroup;
			children = (
				C9164F6C26846C6D0085CFF8 /* GitHuber.app */,
				C9164F8526846C6F0085CFF8 /* GitHuberTests.xctest */,
				C9164F9026846C6F0085CFF8 /* GitHuberUITests.xctest */,
			);
			name = Products;
			sourceTree = "<group>";
		};
		C9164F6E26846C6D0085CFF8 /* GitHuber */ = {
			isa = PBXGroup;
			children = (
				C9486B4F26875C440067F319 /* extensions */,
				C9164FC12684A4AA0085CFF8 /* Models */,
				C9164FB9268489400085CFF8 /* Managers */,
				C9164FB82684891F0085CFF8 /* Factories */,
				C9164FAF268474290085CFF8 /* Scenes */,
				C9164FB5268484950085CFF8 /* ViewModels */,
				C9164FAA268472220085CFF8 /* Coordinators */,
				C9164F6F26846C6D0085CFF8 /* AppDelegate.swift */,
				C9164F7126846C6D0085CFF8 /* SceneDelegate.swift */,
				C9164F7B26846C6F0085CFF8 /* Assets.xcassets */,
				C9164F7D26846C6F0085CFF8 /* LaunchScreen.storyboard */,
				C9164F8026846C6F0085CFF8 /* Info.plist */,
				C9164F7826846C6D0085CFF8 /* GitHuber.xcdatamodeld */,
			);
			path = GitHuber;
			sourceTree = "<group>";
		};
		C9164F8826846C6F0085CFF8 /* GitHuberTests */ = {
			isa = PBXGroup;
			children = (
				C9164F8926846C6F0085CFF8 /* GitHuberTests.swift */,
				C9164F8B26846C6F0085CFF8 /* Info.plist */,
			);
			path = GitHuberTests;
			sourceTree = "<group>";
		};
		C9164F9326846C6F0085CFF8 /* GitHuberUITests */ = {
			isa = PBXGroup;
			children = (
				C9164F9426846C6F0085CFF8 /* GitHuberUITests.swift */,
				C9164F9626846C6F0085CFF8 /* Info.plist */,
			);
			path = GitHuberUITests;
			sourceTree = "<group>";
		};
		C9164FAA268472220085CFF8 /* Coordinators */ = {
			isa = PBXGroup;
			children = (
				C9164FAB268472340085CFF8 /* MainCoordinator.swift */,
			);
			path = Coordinators;
			sourceTree = "<group>";
		};
		C9164FAF268474290085CFF8 /* Scenes */ = {
			isa = PBXGroup;
			children = (
				803FBDE826901EA200A6EB01 /* Search */,
				C9486B572687784D0067F319 /* Repository */,
				C9486B52268777B60067F319 /* RepositoryList */,
				C9486B40268601E30067F319 /* UserList */,
				C9164FBA2684926F0085CFF8 /* User */,
				C9164FB0268474370085CFF8 /* Login */,
				80B234C0268CD2FD00E9CC8A /* BaseViewController.swift */,
			);
			path = Scenes;
			sourceTree = "<group>";
		};
		C9164FB0268474370085CFF8 /* Login */ = {
			isa = PBXGroup;
			children = (
				C9164FA226846CE20085CFF8 /* LoginViewController.swift */,
				C9164FA426846CF70085CFF8 /* LoginViewController.xib */,
			);
			name = Login;
			path = "../New Group/Login";
			sourceTree = "<group>";
		};
		C9164FB5268484950085CFF8 /* ViewModels */ = {
			isa = PBXGroup;
			children = (
				C9164FB6268485140085CFF8 /* LoginViewModel.swift */,
				C9486B3C2685D20D0067F319 /* UserViewModel.swift */,
				C9486B45268603EA0067F319 /* UserListViewModel.swift */,
				C9486B3E2685E7970067F319 /* Observable.swift */,
				C9486B5C268896EE0067F319 /* RepositoryListViewModel.swift */,
				C9486B622688CFEC0067F319 /* RepositoryViewModel.swift */,
				803FBDF62690200D00A6EB01 /* SearchViewModel.swift */,
			);
			path = ViewModels;
			sourceTree = "<group>";
		};
		C9164FB82684891F0085CFF8 /* Factories */ = {
			isa = PBXGroup;
			children = (
				C9164FA62684710A0085CFF8 /* DependancyContainer.swift */,
				C9164FAD2684726F0085CFF8 /* ViewControllerFactory.swift */,
			);
			path = Factories;
			sourceTree = "<group>";
		};
		C9164FB9268489400085CFF8 /* Managers */ = {
			isa = PBXGroup;
			children = (
				C9164FC22684A4BE0085CFF8 /* UserManager.swift */,
				803FBE0A2693026300A6EB01 /* CoreDataManager.swift */,
				803FBE0F2693060800A6EB01 /* UserDataManager.swift */,
			);
			path = Managers;
			sourceTree = "<group>";
		};
		C9164FBA2684926F0085CFF8 /* User */ = {
			isa = PBXGroup;
			children = (
				C9164FBB268492860085CFF8 /* UserViewController.swift */,
				C9164FBD268492950085CFF8 /* UserViewController.xib */,
			);
			path = User;
			sourceTree = "<group>";
		};
		C9164FC12684A4AA0085CFF8 /* Models */ = {
			isa = PBXGroup;
			children = (
				C9164FBF2684A33E0085CFF8 /* NetworkRequest.swift */,
				C9164FC42684AC9B0085CFF8 /* User.swift */,
				C9486B3A2685C0440067F319 /* Repository.swift */,
				803FBDFB2691824500A6EB01 /* UserSearch.swift */,
				803FBE052692DA8100A6EB01 /* RepositorySearch.swift */,
			);
			path = Models;
			sourceTree = "<group>";
		};
		C9486B40268601E30067F319 /* UserList */ = {
			isa = PBXGroup;
			children = (
				C9486B41268602510067F319 /* UserListViewController.swift */,
				C9486B43268602700067F319 /* UserListViewController.xib */,
				C9486B47268734F40067F319 /* UserListCell.xib */,
				C9486B492687352A0067F319 /* UserListCell.swift */,
			);
			path = UserList;
			sourceTree = "<group>";
		};
		C9486B4F26875C440067F319 /* extensions */ = {
			isa = PBXGroup;
			children = (
				C9486B5026875C5B0067F319 /* LoadingScreen.swift */,
				C9486B64268A23860067F319 /* UIImage+LoadImage.swift */,
				803FBE00269191FB00A6EB01 /* String+PercentEncoding.swift */,
			);
			path = extensions;
			sourceTree = "<group>";
		};
		C9486B52268777B60067F319 /* RepositoryList */ = {
			isa = PBXGroup;
			children = (
				C9486B53268777CA0067F319 /* RepositoryListViewController.swift */,
				C9486B55268777D60067F319 /* RepositoryListViewController.xib */,
				C9486B5E26889D3E0067F319 /* RepositoryListCell.swift */,
				C9486B6026889D4E0067F319 /* RepositoryListCell.xib */,
			);
			path = RepositoryList;
			sourceTree = "<group>";
		};
		C9486B572687784D0067F319 /* Repository */ = {
			isa = PBXGroup;
			children = (
				C9486B58268778CA0067F319 /* RepositoryViewController.swift */,
				C9486B5A268778EE0067F319 /* RepositoryViewController.xib */,
			);
			path = Repository;
			sourceTree = "<group>";
		};
/* End PBXGroup section */

/* Begin PBXNativeTarget section */
		C9164F6B26846C6D0085CFF8 /* GitHuber */ = {
			isa = PBXNativeTarget;
			buildConfigurationList = C9164F9926846C6F0085CFF8 /* Build configuration list for PBXNativeTarget "GitHuber" */;
			buildPhases = (
				C9164F6826846C6D0085CFF8 /* Sources */,
				C9164F6926846C6D0085CFF8 /* Frameworks */,
				C9164F6A26846C6D0085CFF8 /* Resources */,
			);
			buildRules = (
			);
			dependencies = (
			);
			name = GitHuber;
			productName = GitHuber;
			productReference = C9164F6C26846C6D0085CFF8 /* GitHuber.app */;
			productType = "com.apple.product-type.application";
		};
		C9164F8426846C6F0085CFF8 /* GitHuberTests */ = {
			isa = PBXNativeTarget;
			buildConfigurationList = C9164F9C26846C6F0085CFF8 /* Build configuration list for PBXNativeTarget "GitHuberTests" */;
			buildPhases = (
				C9164F8126846C6F0085CFF8 /* Sources */,
				C9164F8226846C6F0085CFF8 /* Frameworks */,
				C9164F8326846C6F0085CFF8 /* Resources */,
			);
			buildRules = (
			);
			dependencies = (
				C9164F8726846C6F0085CFF8 /* PBXTargetDependency */,
			);
			name = GitHuberTests;
			productName = GitHuberTests;
			productReference = C9164F8526846C6F0085CFF8 /* GitHuberTests.xctest */;
			productType = "com.apple.product-type.bundle.unit-test";
		};
		C9164F8F26846C6F0085CFF8 /* GitHuberUITests */ = {
			isa = PBXNativeTarget;
			buildConfigurationList = C9164F9F26846C6F0085CFF8 /* Build configuration list for PBXNativeTarget "GitHuberUITests" */;
			buildPhases = (
				C9164F8C26846C6F0085CFF8 /* Sources */,
				C9164F8D26846C6F0085CFF8 /* Frameworks */,
				C9164F8E26846C6F0085CFF8 /* Resources */,
			);
			buildRules = (
			);
			dependencies = (
				C9164F9226846C6F0085CFF8 /* PBXTargetDependency */,
			);
			name = GitHuberUITests;
			productName = GitHuberUITests;
			productReference = C9164F9026846C6F0085CFF8 /* GitHuberUITests.xctest */;
			productType = "com.apple.product-type.bundle.ui-testing";
		};
/* End PBXNativeTarget section */

/* Begin PBXProject section */
		C9164F6426846C6D0085CFF8 /* Project object */ = {
			isa = PBXProject;
			attributes = {
				LastSwiftUpdateCheck = 1250;
				LastUpgradeCheck = 1250;
				TargetAttributes = {
					C9164F6B26846C6D0085CFF8 = {
						CreatedOnToolsVersion = 12.5.1;
					};
					C9164F8426846C6F0085CFF8 = {
						CreatedOnToolsVersion = 12.5.1;
						TestTargetID = C9164F6B26846C6D0085CFF8;
					};
					C9164F8F26846C6F0085CFF8 = {
						CreatedOnToolsVersion = 12.5.1;
						TestTargetID = C9164F6B26846C6D0085CFF8;
					};
				};
			};
			buildConfigurationList = C9164F6726846C6D0085CFF8 /* Build configuration list for PBXProject "GitHuber" */;
			compatibilityVersion = "Xcode 9.3";
			developmentRegion = en;
			hasScannedForEncodings = 0;
			knownRegions = (
				en,
				Base,
			);
			mainGroup = C9164F6326846C6D0085CFF8;
			productRefGroup = C9164F6D26846C6D0085CFF8 /* Products */;
			projectDirPath = "";
			projectRoot = "";
			targets = (
				C9164F6B26846C6D0085CFF8 /* GitHuber */,
				C9164F8426846C6F0085CFF8 /* GitHuberTests */,
				C9164F8F26846C6F0085CFF8 /* GitHuberUITests */,
			);
		};
/* End PBXProject section */

/* Begin PBXResourcesBuildPhase section */
		C9164F6A26846C6D0085CFF8 /* Resources */ = {
			isa = PBXResourcesBuildPhase;
			buildActionMask = 2147483647;
			files = (
				C9486B48268734F40067F319 /* UserListCell.xib in Resources */,
				C9164F7F26846C6F0085CFF8 /* LaunchScreen.storyboard in Resources */,
				C9164F7C26846C6F0085CFF8 /* Assets.xcassets in Resources */,
				C9164FA526846CF70085CFF8 /* LoginViewController.xib in Resources */,
				C9486B5B268778EE0067F319 /* RepositoryViewController.xib in Resources */,
				C9164FBE268492950085CFF8 /* UserViewController.xib in Resources */,
				C9486B6126889D4E0067F319 /* RepositoryListCell.xib in Resources */,
				C9486B56268777D60067F319 /* RepositoryListViewController.xib in Resources */,
				803FBDF226901F5500A6EB01 /* SearchViewController.xib in Resources */,
				C9486B44268602700067F319 /* UserListViewController.xib in Resources */,
			);
			runOnlyForDeploymentPostprocessing = 0;
		};
		C9164F8326846C6F0085CFF8 /* Resources */ = {
			isa = PBXResourcesBuildPhase;
			buildActionMask = 2147483647;
			files = (
			);
			runOnlyForDeploymentPostprocessing = 0;
		};
		C9164F8E26846C6F0085CFF8 /* Resources */ = {
			isa = PBXResourcesBuildPhase;
			buildActionMask = 2147483647;
			files = (
			);
			runOnlyForDeploymentPostprocessing = 0;
		};
/* End PBXResourcesBuildPhase section */

/* Begin PBXSourcesBuildPhase section */
		C9164F6826846C6D0085CFF8 /* Sources */ = {
			isa = PBXSourcesBuildPhase;
			buildActionMask = 2147483647;
			files = (
				C9486B4A2687352A0067F319 /* UserListCell.swift in Sources */,
				C9486B3F2685E7970067F319 /* Observable.swift in Sources */,
				C9164FC02684A33E0085CFF8 /* NetworkRequest.swift in Sources */,
				C9164FA72684710A0085CFF8 /* DependancyContainer.swift in Sources */,
				C9486B3B2685C0440067F319 /* Repository.swift in Sources */,
				C9486B5F26889D3E0067F319 /* RepositoryListCell.swift in Sources */,
				803FBDFC2691824500A6EB01 /* UserSearch.swift in Sources */,
				803FBE062692DA8100A6EB01 /* RepositorySearch.swift in Sources */,
				C9164FBC268492860085CFF8 /* UserViewController.swift in Sources */,
				C9486B42268602510067F319 /* UserListViewController.swift in Sources */,
				C9164FAC268472340085CFF8 /* MainCoordinator.swift in Sources */,
				80B234C1268CD2FD00E9CC8A /* BaseViewController.swift in Sources */,
				C9164FA326846CE20085CFF8 /* LoginViewController.swift in Sources */,
				C9164F7026846C6D0085CFF8 /* AppDelegate.swift in Sources */,
				C9486B5126875C5B0067F319 /* LoadingScreen.swift in Sources */,
				C9164FC52684AC9B0085CFF8 /* User.swift in Sources */,
				803FBE102693060800A6EB01 /* UserDataManager.swift in Sources */,
				C9486B5D268896EE0067F319 /* RepositoryListViewModel.swift in Sources */,
				C9486B3D2685D20D0067F319 /* UserViewModel.swift in Sources */,
				C9164FA9268471840085CFF8 /* KeyChainSwift.swift in Sources */,
				C9486B59268778CA0067F319 /* RepositoryViewController.swift in Sources */,
				803FBDF72690200D00A6EB01 /* SearchViewModel.swift in Sources */,
				803FBE0B2693026300A6EB01 /* CoreDataManager.swift in Sources */,
				C9164FAE2684726F0085CFF8 /* ViewControllerFactory.swift in Sources */,
				C9486B46268603EA0067F319 /* UserListViewModel.swift in Sources */,
				C9486B54268777CA0067F319 /* RepositoryListViewController.swift in Sources */,
				803FBE01269191FB00A6EB01 /* String+PercentEncoding.swift in Sources */,
				C9164F7226846C6D0085CFF8 /* SceneDelegate.swift in Sources */,
				803FBDEA26901EC300A6EB01 /* SearchViewController.swift in Sources */,
				C9486B632688CFEC0067F319 /* RepositoryViewModel.swift in Sources */,
				C9164FB7268485140085CFF8 /* LoginViewModel.swift in Sources */,
				C9486B65268A23860067F319 /* UIImage+LoadImage.swift in Sources */,
				C9164F7A26846C6D0085CFF8 /* GitHuber.xcdatamodeld in Sources */,
				C9164FC32684A4BE0085CFF8 /* UserManager.swift in Sources */,
			);
			runOnlyForDeploymentPostprocessing = 0;
		};
		C9164F8126846C6F0085CFF8 /* Sources */ = {
			isa = PBXSourcesBuildPhase;
			buildActionMask = 2147483647;
			files = (
				C9164F8A26846C6F0085CFF8 /* GitHuberTests.swift in Sources */,
			);
			runOnlyForDeploymentPostprocessing = 0;
		};
		C9164F8C26846C6F0085CFF8 /* Sources */ = {
			isa = PBXSourcesBuildPhase;
			buildActionMask = 2147483647;
			files = (
				C9164F9526846C6F0085CFF8 /* GitHuberUITests.swift in Sources */,
			);
			runOnlyForDeploymentPostprocessing = 0;
		};
/* End PBXSourcesBuildPhase section */

/* Begin PBXTargetDependency section */
		C9164F8726846C6F0085CFF8 /* PBXTargetDependency */ = {
			isa = PBXTargetDependency;
			target = C9164F6B26846C6D0085CFF8 /* GitHuber */;
			targetProxy = C9164F8626846C6F0085CFF8 /* PBXContainerItemProxy */;
		};
		C9164F9226846C6F0085CFF8 /* PBXTargetDependency */ = {
			isa = PBXTargetDependency;
			target = C9164F6B26846C6D0085CFF8 /* GitHuber */;
			targetProxy = C9164F9126846C6F0085CFF8 /* PBXContainerItemProxy */;
		};
/* End PBXTargetDependency section */

/* Begin PBXVariantGroup section */
		C9164F7D26846C6F0085CFF8 /* LaunchScreen.storyboard */ = {
			isa = PBXVariantGroup;
			children = (
				C9164F7E26846C6F0085CFF8 /* Base */,
			);
			name = LaunchScreen.storyboard;
			sourceTree = "<group>";
		};
/* End PBXVariantGroup section */

/* Begin XCBuildConfiguration section */
		C9164F9726846C6F0085CFF8 /* Debug */ = {
			isa = XCBuildConfiguration;
			buildSettings = {
				ALWAYS_SEARCH_USER_PATHS = NO;
				CLANG_ANALYZER_NONNULL = YES;
				CLANG_ANALYZER_NUMBER_OBJECT_CONVERSION = YES_AGGRESSIVE;
				CLANG_CXX_LANGUAGE_STANDARD = "gnu++14";
				CLANG_CXX_LIBRARY = "libc++";
				CLANG_ENABLE_MODULES = YES;
				CLANG_ENABLE_OBJC_ARC = YES;
				CLANG_ENABLE_OBJC_WEAK = YES;
				CLANG_WARN_BLOCK_CAPTURE_AUTORELEASING = YES;
				CLANG_WARN_BOOL_CONVERSION = YES;
				CLANG_WARN_COMMA = YES;
				CLANG_WARN_CONSTANT_CONVERSION = YES;
				CLANG_WARN_DEPRECATED_OBJC_IMPLEMENTATIONS = YES;
				CLANG_WARN_DIRECT_OBJC_ISA_USAGE = YES_ERROR;
				CLANG_WARN_DOCUMENTATION_COMMENTS = YES;
				CLANG_WARN_EMPTY_BODY = YES;
				CLANG_WARN_ENUM_CONVERSION = YES;
				CLANG_WARN_INFINITE_RECURSION = YES;
				CLANG_WARN_INT_CONVERSION = YES;
				CLANG_WARN_NON_LITERAL_NULL_CONVERSION = YES;
				CLANG_WARN_OBJC_IMPLICIT_RETAIN_SELF = YES;
				CLANG_WARN_OBJC_LITERAL_CONVERSION = YES;
				CLANG_WARN_OBJC_ROOT_CLASS = YES_ERROR;
				CLANG_WARN_QUOTED_INCLUDE_IN_FRAMEWORK_HEADER = YES;
				CLANG_WARN_RANGE_LOOP_ANALYSIS = YES;
				CLANG_WARN_STRICT_PROTOTYPES = YES;
				CLANG_WARN_SUSPICIOUS_MOVE = YES;
				CLANG_WARN_UNGUARDED_AVAILABILITY = YES_AGGRESSIVE;
				CLANG_WARN_UNREACHABLE_CODE = YES;
				CLANG_WARN__DUPLICATE_METHOD_MATCH = YES;
				COPY_PHASE_STRIP = NO;
				DEBUG_INFORMATION_FORMAT = dwarf;
				ENABLE_STRICT_OBJC_MSGSEND = YES;
				ENABLE_TESTABILITY = YES;
				GCC_C_LANGUAGE_STANDARD = gnu11;
				GCC_DYNAMIC_NO_PIC = NO;
				GCC_NO_COMMON_BLOCKS = YES;
				GCC_OPTIMIZATION_LEVEL = 0;
				GCC_PREPROCESSOR_DEFINITIONS = (
					"DEBUG=1",
					"$(inherited)",
				);
				GCC_WARN_64_TO_32_BIT_CONVERSION = YES;
				GCC_WARN_ABOUT_RETURN_TYPE = YES_ERROR;
				GCC_WARN_UNDECLARED_SELECTOR = YES;
				GCC_WARN_UNINITIALIZED_AUTOS = YES_AGGRESSIVE;
				GCC_WARN_UNUSED_FUNCTION = YES;
				GCC_WARN_UNUSED_VARIABLE = YES;
				IPHONEOS_DEPLOYMENT_TARGET = 13.0;
				MTL_ENABLE_DEBUG_INFO = INCLUDE_SOURCE;
				MTL_FAST_MATH = YES;
				ONLY_ACTIVE_ARCH = YES;
				SDKROOT = iphoneos;
				SWIFT_ACTIVE_COMPILATION_CONDITIONS = DEBUG;
				SWIFT_OPTIMIZATION_LEVEL = "-Onone";
			};
			name = Debug;
		};
		C9164F9826846C6F0085CFF8 /* Release */ = {
			isa = XCBuildConfiguration;
			buildSettings = {
				ALWAYS_SEARCH_USER_PATHS = NO;
				CLANG_ANALYZER_NONNULL = YES;
				CLANG_ANALYZER_NUMBER_OBJECT_CONVERSION = YES_AGGRESSIVE;
				CLANG_CXX_LANGUAGE_STANDARD = "gnu++14";
				CLANG_CXX_LIBRARY = "libc++";
				CLANG_ENABLE_MODULES = YES;
				CLANG_ENABLE_OBJC_ARC = YES;
				CLANG_ENABLE_OBJC_WEAK = YES;
				CLANG_WARN_BLOCK_CAPTURE_AUTORELEASING = YES;
				CLANG_WARN_BOOL_CONVERSION = YES;
				CLANG_WARN_COMMA = YES;
				CLANG_WARN_CONSTANT_CONVERSION = YES;
				CLANG_WARN_DEPRECATED_OBJC_IMPLEMENTATIONS = YES;
				CLANG_WARN_DIRECT_OBJC_ISA_USAGE = YES_ERROR;
				CLANG_WARN_DOCUMENTATION_COMMENTS = YES;
				CLANG_WARN_EMPTY_BODY = YES;
				CLANG_WARN_ENUM_CONVERSION = YES;
				CLANG_WARN_INFINITE_RECURSION = YES;
				CLANG_WARN_INT_CONVERSION = YES;
				CLANG_WARN_NON_LITERAL_NULL_CONVERSION = YES;
				CLANG_WARN_OBJC_IMPLICIT_RETAIN_SELF = YES;
				CLANG_WARN_OBJC_LITERAL_CONVERSION = YES;
				CLANG_WARN_OBJC_ROOT_CLASS = YES_ERROR;
				CLANG_WARN_QUOTED_INCLUDE_IN_FRAMEWORK_HEADER = YES;
				CLANG_WARN_RANGE_LOOP_ANALYSIS = YES;
				CLANG_WARN_STRICT_PROTOTYPES = YES;
				CLANG_WARN_SUSPICIOUS_MOVE = YES;
				CLANG_WARN_UNGUARDED_AVAILABILITY = YES_AGGRESSIVE;
				CLANG_WARN_UNREACHABLE_CODE = YES;
				CLANG_WARN__DUPLICATE_METHOD_MATCH = YES;
				COPY_PHASE_STRIP = NO;
				DEBUG_INFORMATION_FORMAT = "dwarf-with-dsym";
				ENABLE_NS_ASSERTIONS = NO;
				ENABLE_STRICT_OBJC_MSGSEND = YES;
				GCC_C_LANGUAGE_STANDARD = gnu11;
				GCC_NO_COMMON_BLOCKS = YES;
				GCC_WARN_64_TO_32_BIT_CONVERSION = YES;
				GCC_WARN_ABOUT_RETURN_TYPE = YES_ERROR;
				GCC_WARN_UNDECLARED_SELECTOR = YES;
				GCC_WARN_UNINITIALIZED_AUTOS = YES_AGGRESSIVE;
				GCC_WARN_UNUSED_FUNCTION = YES;
				GCC_WARN_UNUSED_VARIABLE = YES;
				IPHONEOS_DEPLOYMENT_TARGET = 13.0;
				MTL_ENABLE_DEBUG_INFO = NO;
				MTL_FAST_MATH = YES;
				SDKROOT = iphoneos;
				SWIFT_COMPILATION_MODE = wholemodule;
				SWIFT_OPTIMIZATION_LEVEL = "-O";
				VALIDATE_PRODUCT = YES;
			};
			name = Release;
		};
		C9164F9A26846C6F0085CFF8 /* Debug */ = {
			isa = XCBuildConfiguration;
			buildSettings = {
				ASSETCATALOG_COMPILER_APPICON_NAME = AppIcon;
				ASSETCATALOG_COMPILER_GLOBAL_ACCENT_COLOR_NAME = AccentColor;
				CODE_SIGN_STYLE = Automatic;
				DEVELOPMENT_TEAM = "";
				INFOPLIST_FILE = GitHuber/Info.plist;
				LD_RUNPATH_SEARCH_PATHS = (
					"$(inherited)",
					"@executable_path/Frameworks",
				);
				PRODUCT_BUNDLE_IDENTIFIER = com.lukasadomavicius.GitHuber;
				PRODUCT_NAME = "$(TARGET_NAME)";
				SWIFT_VERSION = 5.0;
				TARGETED_DEVICE_FAMILY = 1;
			};
			name = Debug;
		};
		C9164F9B26846C6F0085CFF8 /* Release */ = {
			isa = XCBuildConfiguration;
			buildSettings = {
				ASSETCATALOG_COMPILER_APPICON_NAME = AppIcon;
				ASSETCATALOG_COMPILER_GLOBAL_ACCENT_COLOR_NAME = AccentColor;
				CODE_SIGN_STYLE = Automatic;
				DEVELOPMENT_TEAM = "";
				INFOPLIST_FILE = GitHuber/Info.plist;
				LD_RUNPATH_SEARCH_PATHS = (
					"$(inherited)",
					"@executable_path/Frameworks",
				);
				PRODUCT_BUNDLE_IDENTIFIER = com.lukasadomavicius.GitHuber;
				PRODUCT_NAME = "$(TARGET_NAME)";
				SWIFT_VERSION = 5.0;
				TARGETED_DEVICE_FAMILY = 1;
			};
			name = Release;
		};
		C9164F9D26846C6F0085CFF8 /* Debug */ = {
			isa = XCBuildConfiguration;
			buildSettings = {
				ALWAYS_EMBED_SWIFT_STANDARD_LIBRARIES = YES;
				BUNDLE_LOADER = "$(TEST_HOST)";
				CODE_SIGN_STYLE = Automatic;
				DEVELOPMENT_TEAM = VXYM6M435R;
				INFOPLIST_FILE = GitHuberTests/Info.plist;
				IPHONEOS_DEPLOYMENT_TARGET = 14.5;
				LD_RUNPATH_SEARCH_PATHS = (
					"$(inherited)",
					"@executable_path/Frameworks",
					"@loader_path/Frameworks",
				);
				PRODUCT_BUNDLE_IDENTIFIER = com.lukasadomavicius.GitHuberTests;
				PRODUCT_NAME = "$(TARGET_NAME)";
				SWIFT_VERSION = 5.0;
				TARGETED_DEVICE_FAMILY = "1,2";
				TEST_HOST = "$(BUILT_PRODUCTS_DIR)/GitHuber.app/GitHuber";
			};
			name = Debug;
		};
		C9164F9E26846C6F0085CFF8 /* Release */ = {
			isa = XCBuildConfiguration;
			buildSettings = {
				ALWAYS_EMBED_SWIFT_STANDARD_LIBRARIES = YES;
				BUNDLE_LOADER = "$(TEST_HOST)";
				CODE_SIGN_STYLE = Automatic;
				DEVELOPMENT_TEAM = VXYM6M435R;
				INFOPLIST_FILE = GitHuberTests/Info.plist;
				IPHONEOS_DEPLOYMENT_TARGET = 14.5;
				LD_RUNPATH_SEARCH_PATHS = (
					"$(inherited)",
					"@executable_path/Frameworks",
					"@loader_path/Frameworks",
				);
				PRODUCT_BUNDLE_IDENTIFIER = com.lukasadomavicius.GitHuberTests;
				PRODUCT_NAME = "$(TARGET_NAME)";
				SWIFT_VERSION = 5.0;
				TARGETED_DEVICE_FAMILY = "1,2";
				TEST_HOST = "$(BUILT_PRODUCTS_DIR)/GitHuber.app/GitHuber";
			};
			name = Release;
		};
		C9164FA026846C6F0085CFF8 /* Debug */ = {
			isa = XCBuildConfiguration;
			buildSettings = {
				ALWAYS_EMBED_SWIFT_STANDARD_LIBRARIES = YES;
				CODE_SIGN_STYLE = Automatic;
				DEVELOPMENT_TEAM = VXYM6M435R;
				INFOPLIST_FILE = GitHuberUITests/Info.plist;
				LD_RUNPATH_SEARCH_PATHS = (
					"$(inherited)",
					"@executable_path/Frameworks",
					"@loader_path/Frameworks",
				);
				PRODUCT_BUNDLE_IDENTIFIER = com.lukasadomavicius.GitHuberUITests;
				PRODUCT_NAME = "$(TARGET_NAME)";
				SWIFT_VERSION = 5.0;
				TARGETED_DEVICE_FAMILY = "1,2";
				TEST_TARGET_NAME = GitHuber;
			};
			name = Debug;
		};
		C9164FA126846C6F0085CFF8 /* Release */ = {
			isa = XCBuildConfiguration;
			buildSettings = {
				ALWAYS_EMBED_SWIFT_STANDARD_LIBRARIES = YES;
				CODE_SIGN_STYLE = Automatic;
				DEVELOPMENT_TEAM = VXYM6M435R;
				INFOPLIST_FILE = GitHuberUITests/Info.plist;
				LD_RUNPATH_SEARCH_PATHS = (
					"$(inherited)",
					"@executable_path/Frameworks",
					"@loader_path/Frameworks",
				);
				PRODUCT_BUNDLE_IDENTIFIER = com.lukasadomavicius.GitHuberUITests;
				PRODUCT_NAME = "$(TARGET_NAME)";
				SWIFT_VERSION = 5.0;
				TARGETED_DEVICE_FAMILY = "1,2";
				TEST_TARGET_NAME = GitHuber;
			};
			name = Release;
		};
/* End XCBuildConfiguration section */

/* Begin XCConfigurationList section */
		C9164F6726846C6D0085CFF8 /* Build configuration list for PBXProject "GitHuber" */ = {
			isa = XCConfigurationList;
			buildConfigurations = (
				C9164F9726846C6F0085CFF8 /* Debug */,
				C9164F9826846C6F0085CFF8 /* Release */,
			);
			defaultConfigurationIsVisible = 0;
			defaultConfigurationName = Release;
		};
		C9164F9926846C6F0085CFF8 /* Build configuration list for PBXNativeTarget "GitHuber" */ = {
			isa = XCConfigurationList;
			buildConfigurations = (
				C9164F9A26846C6F0085CFF8 /* Debug */,
				C9164F9B26846C6F0085CFF8 /* Release */,
			);
			defaultConfigurationIsVisible = 0;
			defaultConfigurationName = Release;
		};
		C9164F9C26846C6F0085CFF8 /* Build configuration list for PBXNativeTarget "GitHuberTests" */ = {
			isa = XCConfigurationList;
			buildConfigurations = (
				C9164F9D26846C6F0085CFF8 /* Debug */,
				C9164F9E26846C6F0085CFF8 /* Release */,
			);
			defaultConfigurationIsVisible = 0;
			defaultConfigurationName = Release;
		};
		C9164F9F26846C6F0085CFF8 /* Build configuration list for PBXNativeTarget "GitHuberUITests" */ = {
			isa = XCConfigurationList;
			buildConfigurations = (
				C9164FA026846C6F0085CFF8 /* Debug */,
				C9164FA126846C6F0085CFF8 /* Release */,
			);
			defaultConfigurationIsVisible = 0;
			defaultConfigurationName = Release;
		};
/* End XCConfigurationList section */

/* Begin XCVersionGroup section */
		C9164F7826846C6D0085CFF8 /* GitHuber.xcdatamodeld */ = {
			isa = XCVersionGroup;
			children = (
				C9164F7926846C6D0085CFF8 /* GitHuber.xcdatamodel */,
			);
			currentVersion = C9164F7926846C6D0085CFF8 /* GitHuber.xcdatamodel */;
			path = GitHuber.xcdatamodeld;
			sourceTree = "<group>";
			versionGroupType = wrapper.xcdatamodel;
		};
/* End XCVersionGroup section */
	};
	rootObject = C9164F6426846C6D0085CFF8 /* Project object */;
}
